
Microsoft Visual Studio Solution File, Format Version 12.00
# Visual Studio Version 17
VisualStudioVersion = 17.14.36202.13 d17.14
MinimumVisualStudioVersion = 10.0.40219.1
Project("{FAE04EC0-301F-11D3-BF4B-00C04F79EFBC}") = "CitrixSessionDumper", "CitrixSessionDumper\CitrixSessionDumper.csproj", "{FA0B3E73-424E-4027-AF75-9F255F860E66}"
EndProject
Global
	GlobalSection(SolutionConfigurationPlatforms) = preSolution
		Debug|Any CPU = Debug|Any CPU
		Release|Any CPU = Release|Any CPU
	EndGlobalSection
	GlobalSection(ProjectConfigurationPlatforms) = postSolution
		{FA0B3E73-424E-4027-AF75-9F255F860E66}.Debug|Any CPU.ActiveCfg = Debug|Any CPU
		{FA0B3E73-424E-4027-AF75-9F255F860E66}.Debug|Any CPU.Build.0 = Debug|Any CPU
		{FA0B3E73-424E-4027-AF75-9F255F860E66}.Release|Any CPU.ActiveCfg = Release|Any CPU
		{FA0B3E73-424E-4027-AF75-9F255F860E66}.Release|Any CPU.Build.0 = Release|Any CPU
	EndGlobalSection
	GlobalSection(SolutionProperties) = preSolution
		HideSolutionNode = FALSE
	EndGlobalSection
	GlobalSection(ExtensibilityGlobals) = postSolution
		SolutionGuid = {461C854D-D88A-49FB-9938-0B3D13D1DFBD}
	EndGlobalSection
EndGlobal
